
Microsoft Visual Studio Solution File, Format Version 12.00
# Visual Studio Version 17
VisualStudioVersion = 17.7.34024.191
MinimumVisualStudioVersion = 10.0.40219.1
Project("{FAE04EC0-301F-11D3-BF4B-00C04F79EFBC}") = "MorseCodePart2", "MorseCodePart2.csproj", "{694994B8-D649-4AB3-BD34-6A83CB9576B7}"
EndProject
Global
	GlobalSection(SolutionConfigurationPlatforms) = preSolution
		Debug|Any CPU = Debug|Any CPU
		Release|Any CPU = Release|Any CPU
	EndGlobalSection
	GlobalSection(ProjectConfigurationPlatforms) = postSolution
		{694994B8-D649-4AB3-BD34-6A83CB9576B7}.Debug|Any CPU.ActiveCfg = Debug|Any CPU
		{694994B8-D649-4AB3-BD34-6A83CB9576B7}.Debug|Any CPU.Build.0 = Debug|Any CPU
		{694994B8-D649-4AB3-BD34-6A83CB9576B7}.Release|Any CPU.ActiveCfg = Release|Any CPU
		{694994B8-D649-4AB3-BD34-6A83CB9576B7}.Release|Any CPU.Build.0 = Release|Any CPU
	EndGlobalSection
	GlobalSection(SolutionProperties) = preSolution
		HideSolutionNode = FALSE
	EndGlobalSection
	GlobalSection(ExtensibilityGlobals) = postSolution
		SolutionGuid = {4D6B337F-CB34-4A85-AC69-93CC4176F8EC}
	EndGlobalSection
EndGlobal
