
Microsoft Visual Studio Solution File, Format Version 12.00
# Visual Studio Version 17
VisualStudioVersion = 17.7.34018.315
MinimumVisualStudioVersion = 10.0.40219.1
Project("{FAE04EC0-301F-11D3-BF4B-00C04F79EFBC}") = "Convert PascalCase String to snake_case", "Convert PascalCase String to snake_case.csproj", "{BE772509-F7AD-4715-A7BD-E929F5FDB92E}"
EndProject
Global
	GlobalSection(SolutionConfigurationPlatforms) = preSolution
		Debug|Any CPU = Debug|Any CPU
		Release|Any CPU = Release|Any CPU
	EndGlobalSection
	GlobalSection(ProjectConfigurationPlatforms) = postSolution
		{BE772509-F7AD-4715-A7BD-E929F5FDB92E}.Debug|Any CPU.ActiveCfg = Debug|Any CPU
		{BE772509-F7AD-4715-A7BD-E929F5FDB92E}.Debug|Any CPU.Build.0 = Debug|Any CPU
		{BE772509-F7AD-4715-A7BD-E929F5FDB92E}.Release|Any CPU.ActiveCfg = Release|Any CPU
		{BE772509-F7AD-4715-A7BD-E929F5FDB92E}.Release|Any CPU.Build.0 = Release|Any CPU
	EndGlobalSection
	GlobalSection(SolutionProperties) = preSolution
		HideSolutionNode = FALSE
	EndGlobalSection
	GlobalSection(ExtensibilityGlobals) = postSolution
		SolutionGuid = {70D5BD07-2E9E-4BA6-BA0E-4653094F4BD0}
	EndGlobalSection
EndGlobal
